
Microsoft Visual Studio Solution File, Format Version 12.00
# Visual Studio Version 17
VisualStudioVersion = 17.0.32112.339
MinimumVisualStudioVersion = 10.0.40219.1
Project("{FAE04EC0-301F-11D3-BF4B-00C04F79EFBC}") = "SalesWS", "SalesWS\SalesWS.csproj", "{51CBC936-1A8E-4795-BD81-0D60192ECC57}"
EndProject
Global
	GlobalSection(SolutionConfigurationPlatforms) = preSolution
		Debug|Any CPU = Debug|Any CPU
		Release|Any CPU = Release|Any CPU
	EndGlobalSection
	GlobalSection(ProjectConfigurationPlatforms) = postSolution
		{51CBC936-1A8E-4795-BD81-0D60192ECC57}.Debug|Any CPU.ActiveCfg = Debug|Any CPU
		{51CBC936-1A8E-4795-BD81-0D60192ECC57}.Debug|Any CPU.Build.0 = Debug|Any CPU
		{51CBC936-1A8E-4795-BD81-0D60192ECC57}.Release|Any CPU.ActiveCfg = Release|Any CPU
		{51CBC936-1A8E-4795-BD81-0D60192ECC57}.Release|Any CPU.Build.0 = Release|Any CPU
	EndGlobalSection
	GlobalSection(SolutionProperties) = preSolution
		HideSolutionNode = FALSE
	EndGlobalSection
	GlobalSection(ExtensibilityGlobals) = postSolution
		SolutionGuid = {FE98A3D1-F2A5-4DBA-B330-82BA8BB4AF60}
	EndGlobalSection
EndGlobal
